
// !$*UTF8*$!
{
	archiveVersion = 1;
	classes = {
	};
	objectVersion = 50;
	objects = {

/* Begin PBXBuildFile section */
		BE4BBB5B20D9969C000AADA2 /* Exchange.swift in Sources */ = {isa = PBXBuildFile; fileRef = BE4BBB5A20D9969C000AADA2 /* Exchange.swift */; };
		BE4BEB4E20C83A7400CD1032 /* AppDelegate.swift in Sources */ = {isa = PBXBuildFile; fileRef = BE4BEB4D20C83A7400CD1032 /* AppDelegate.swift */; };
		BE4BEB5020C83A7400CD1032 /* MarketController.swift in Sources */ = {isa = PBXBuildFile; fileRef = BE4BEB4F20C83A7400CD1032 /* MarketController.swift */; };
		BE4BEB5320C83A7400CD1032 /* Main.storyboard in Resources */ = {isa = PBXBuildFile; fileRef = BE4BEB5120C83A7400CD1032 /* Main.storyboard */; };
		BE4BEB5520C83A7400CD1032 /* Assets.xcassets in Resources */ = {isa = PBXBuildFile; fileRef = BE4BEB5420C83A7400CD1032 /* Assets.xcassets */; };
		BE4BEB5820C83A7400CD1032 /* LaunchScreen.storyboard in Resources */ = {isa = PBXBuildFile; fileRef = BE4BEB5620C83A7400CD1032 /* LaunchScreen.storyboard */; };
		BE4BEB6320C83A7400CD1032 /* Ryo_TrackerTests.swift in Sources */ = {isa = PBXBuildFile; fileRef = BE4BEB6220C83A7400CD1032 /* Ryo_TrackerTests.swift */; };
		BE4BEB6E20C83A7400CD1032 /* Ryo_TrackerUITests.swift in Sources */ = {isa = PBXBuildFile; fileRef = BE4BEB6D20C83A7400CD1032 /* Ryo_TrackerUITests.swift */; };
		BE4BEB7C20C83D2000CD1032 /* HTTPRequest.swift in Sources */ = {isa = PBXBuildFile; fileRef = BE4BEB7B20C83D2000CD1032 /* HTTPRequest.swift */; };
		BE4BEB7E20C83D3700CD1032 /* JSONStructures.swift in Sources */ = {isa = PBXBuildFile; fileRef = BE4BEB7D20C83D3700CD1032 /* JSONStructures.swift */; };
		BE5C6D8F20E962A0003B15D6 /* NetworkController.swift in Sources */ = {isa = PBXBuildFile; fileRef = BE5C6D8E20E962A0003B15D6 /* NetworkController.swift */; };
		BE5C6D9920E9845B003B15D6 /* NetworkDataHandling.swift in Sources */ = {isa = PBXBuildFile; fileRef = BE5C6D9820E9845B003B15D6 /* NetworkDataHandling.swift */; };
		BE5C6D9F20E98A1D003B15D6 /* Background.png in Resources */ = {isa = PBXBuildFile; fileRef = BE5C6D9E20E98A1D003B15D6 /* Background.png */; };
		BE7833F020E6E10F0083196A /* PortfolioController.swift in Sources */ = {isa = PBXBuildFile; fileRef = BE7833EF20E6E10F0083196A /* PortfolioController.swift */; };
		BE79958A20E2F3C200A6A3BB /* MarketDataHandling.swift in Sources */ = {isa = PBXBuildFile; fileRef = BE79958920E2F3C200A6A3BB /* MarketDataHandling.swift */; };
		BE79958E20E4D25900A6A3BB /* Header.png in Resources */ = {isa = PBXBuildFile; fileRef = BE79958D20E4D25800A6A3BB /* Header.png */; };
		BEAA087A20E4D51C008AEDA9 /* Alamofire.framework in Frameworks */ = {isa = PBXBuildFile; fileRef = BEAA086C20E4D50C008AEDA9 /* Alamofire.framework */; };
		BEAA08A620E516DB008AEDA9 /* Charts.framework in Frameworks */ = {isa = PBXBuildFile; fileRef = BEAA088120E4D525008AEDA9 /* Charts.framework */; };
		BEAA08A720E516DB008AEDA9 /* Charts.framework in Embed Frameworks */ = {isa = PBXBuildFile; fileRef = BEAA088120E4D525008AEDA9 /* Charts.framework */; settings = {ATTRIBUTES = (CodeSignOnCopy, RemoveHeadersOnCopy, ); }; };
		BEAA08AB20E516DB008AEDA9 /* Alamofire.framework in Embed Frameworks */ = {isa = PBXBuildFile; fileRef = BEAA086C20E4D50C008AEDA9 /* Alamofire.framework */; settings = {ATTRIBUTES = (CodeSignOnCopy, RemoveHeadersOnCopy, ); }; };
		BEAA08E720E58141008AEDA9 /* UtilityFunctions.swift in Sources */ = {isa = PBXBuildFile; fileRef = BEAA08E620E58141008AEDA9 /* UtilityFunctions.swift */; };
		BEAA08EF20E59885008AEDA9 /* NewsController.swift in Sources */ = {isa = PBXBuildFile; fileRef = BEAA08EE20E59885008AEDA9 /* NewsController.swift */; };
/* End PBXBuildFile section */

/* Begin PBXContainerItemProxy section */
		BE4BEB5F20C83A7400CD1032 /* PBXContainerItemProxy */ = {
			isa = PBXContainerItemProxy;
			containerPortal = BE4BEB4220C83A7300CD1032 /* Project object */;
			proxyType = 1;
			remoteGlobalIDString = BE4BEB4920C83A7400CD1032;
			remoteInfo = "Ryo Tracker";
		};
		BE4BEB6A20C83A7400CD1032 /* PBXContainerItemProxy */ = {
			isa = PBXContainerItemProxy;
			containerPortal = BE4BEB4220C83A7300CD1032 /* Project object */;
			proxyType = 1;
			remoteGlobalIDString = BE4BEB4920C83A7400CD1032;
			remoteInfo = "Ryo Tracker";
		};
		BEAA086B20E4D50C008AEDA9 /* PBXContainerItemProxy */ = {
			isa = PBXContainerItemProxy;
			containerPortal = BEAA086020E4D50B008AEDA9 /* Alamofire.xcodeproj */;
			proxyType = 2;
			remoteGlobalIDString = F8111E3319A95C8B0040E7D1;
			remoteInfo = "Alamofire iOS";
		};
		BEAA086D20E4D50C008AEDA9 /* PBXContainerItemProxy */ = {
			isa = PBXContainerItemProxy;
			containerPortal = BEAA086020E4D50B008AEDA9 /* Alamofire.xcodeproj */;
			proxyType = 2;
			remoteGlobalIDString = F8111E3E19A95C8B0040E7D1;
			remoteInfo = "Alamofire iOS Tests";
		};
		BEAA086F20E4D50C008AEDA9 /* PBXContainerItemProxy */ = {
			isa = PBXContainerItemProxy;
			containerPortal = BEAA086020E4D50B008AEDA9 /* Alamofire.xcodeproj */;
			proxyType = 2;
			remoteGlobalIDString = 4DD67C0B1A5C55C900ED2280;
			remoteInfo = "Alamofire macOS";
		};
		BEAA087120E4D50C008AEDA9 /* PBXContainerItemProxy */ = {
			isa = PBXContainerItemProxy;
			containerPortal = BEAA086020E4D50B008AEDA9 /* Alamofire.xcodeproj */;
			proxyType = 2;
			remoteGlobalIDString = F829C6B21A7A94F100A2CD59;
			remoteInfo = "Alamofire macOS Tests";
		};
		BEAA087320E4D50C008AEDA9 /* PBXContainerItemProxy */ = {
			isa = PBXContainerItemProxy;
			containerPortal = BEAA086020E4D50B008AEDA9 /* Alamofire.xcodeproj */;
			proxyType = 2;
			remoteGlobalIDString = 4CF626EF1BA7CB3E0011A099;
			remoteInfo = "Alamofire tvOS";
		};
		BEAA087520E4D50C008AEDA9 /* PBXContainerItemProxy */ = {
			isa = PBXContainerItemProxy;
			containerPortal = BEAA086020E4D50B008AEDA9 /* Alamofire.xcodeproj */;
			proxyType = 2;
			remoteGlobalIDString = 4CF626F81BA7CB3E0011A099;
			remoteInfo = "Alamofire tvOS Tests";
		};
		BEAA087720E4D50C008AEDA9 /* PBXContainerItemProxy */ = {
			isa = PBXContainerItemProxy;
			containerPortal = BEAA086020E4D50B008AEDA9 /* Alamofire.xcodeproj */;
			proxyType = 2;
			remoteGlobalIDString = E4202FE01B667AA100C997FB;
			remoteInfo = "Alamofire watchOS";
		};
		BEAA088020E4D525008AEDA9 /* PBXContainerItemProxy */ = {
			isa = PBXContainerItemProxy;
			containerPortal = BEAA087B20E4D524008AEDA9 /* Charts.xcodeproj */;
			proxyType = 2;
			remoteGlobalIDString = 65AD9E95D9ED4DC0BD73A743;
			remoteInfo = Charts;
		};
		BEAA088220E4D525008AEDA9 /* PBXContainerItemProxy */ = {
			isa = PBXContainerItemProxy;
			containerPortal = BEAA087B20E4D524008AEDA9 /* Charts.xcodeproj */;
			proxyType = 2;
			remoteGlobalIDString = 1CBBC58C6CE1EBEE9852CE41;
			remoteInfo = ChartsTests;
		};
		BEAA08A820E516DB008AEDA9 /* PBXContainerItemProxy */ = {
			isa = PBXContainerItemProxy;
			containerPortal = BEAA087B20E4D524008AEDA9 /* Charts.xcodeproj */;
			proxyType = 1;
			remoteGlobalIDString = A58A4ED274A941CA248EA921;
			remoteInfo = Charts;
		};
		BEAA08AC20E516DB008AEDA9 /* PBXContainerItemProxy */ = {
			isa = PBXContainerItemProxy;
			containerPortal = BEAA086020E4D50B008AEDA9 /* Alamofire.xcodeproj */;
			proxyType = 1;
			remoteGlobalIDString = F8111E3219A95C8B0040E7D1;
			remoteInfo = "Alamofire iOS";
		};
/* End PBXContainerItemProxy section */

/* Begin PBXCopyFilesBuildPhase section */
		BE4BBB5920D994A9000AADA2 /* Embed Frameworks */ = {
			isa = PBXCopyFilesBuildPhase;
			buildActionMask = 2147483647;
			dstPath = "";
			dstSubfolderSpec = 10;
			files = (
				BEAA08A720E516DB008AEDA9 /* Charts.framework in Embed Frameworks */,
				BEAA08AB20E516DB008AEDA9 /* Alamofire.framework in Embed Frameworks */,
			);
			name = "Embed Frameworks";
			runOnlyForDeploymentPostprocessing = 0;
		};
/* End PBXCopyFilesBuildPhase section */

/* Begin PBXFileReference section */
		BE4BBB5A20D9969C000AADA2 /* Exchange.swift */ = {isa = PBXFileReference; lastKnownFileType = sourcecode.swift; path = Exchange.swift; sourceTree = "<group>"; };
		BE4BEB4A20C83A7400CD1032 /* Ryo Tracker.app */ = {isa = PBXFileReference; explicitFileType = wrapper.application; includeInIndex = 0; path = "Ryo Tracker.app"; sourceTree = BUILT_PRODUCTS_DIR; };
		BE4BEB4D20C83A7400CD1032 /* AppDelegate.swift */ = {isa = PBXFileReference; lastKnownFileType = sourcecode.swift; path = AppDelegate.swift; sourceTree = "<group>"; };
		BE4BEB4F20C83A7400CD1032 /* MarketController.swift */ = {isa = PBXFileReference; lastKnownFileType = sourcecode.swift; path = MarketController.swift; sourceTree = "<group>"; };
		BE4BEB5220C83A7400CD1032 /* Base */ = {isa = PBXFileReference; lastKnownFileType = file.storyboard; name = Base; path = Base.lproj/Main.storyboard; sourceTree = "<group>"; };
		BE4BEB5420C83A7400CD1032 /* Assets.xcassets */ = {isa = PBXFileReference; lastKnownFileType = folder.assetcatalog; path = Assets.xcassets; sourceTree = "<group>"; };
		BE4BEB5720C83A7400CD1032 /* Base */ = {isa = PBXFileReference; lastKnownFileType = file.storyboard; name = Base; path = Base.lproj/LaunchScreen.storyboard; sourceTree = "<group>"; };
		BE4BEB5920C83A7400CD1032 /* Info.plist */ = {isa = PBXFileReference; lastKnownFileType = text.plist.xml; path = Info.plist; sourceTree = "<group>"; };
		BE4BEB5E20C83A7400CD1032 /* Ryo TrackerTests.xctest */ = {isa = PBXFileReference; explicitFileType = wrapper.cfbundle; includeInIndex = 0; path = "Ryo TrackerTests.xctest"; sourceTree = BUILT_PRODUCTS_DIR; };
		BE4BEB6220C83A7400CD1032 /* Ryo_TrackerTests.swift */ = {isa = PBXFileReference; lastKnownFileType = sourcecode.swift; path = Ryo_TrackerTests.swift; sourceTree = "<group>"; };
		BE4BEB6420C83A7400CD1032 /* Info.plist */ = {isa = PBXFileReference; lastKnownFileType = text.plist.xml; path = Info.plist; sourceTree = "<group>"; };
		BE4BEB6920C83A7400CD1032 /* Ryo TrackerUITests.xctest */ = {isa = PBXFileReference; explicitFileType = wrapper.cfbundle; includeInIndex = 0; path = "Ryo TrackerUITests.xctest"; sourceTree = BUILT_PRODUCTS_DIR; };
		BE4BEB6D20C83A7400CD1032 /* Ryo_TrackerUITests.swift */ = {isa = PBXFileReference; lastKnownFileType = sourcecode.swift; path = Ryo_TrackerUITests.swift; sourceTree = "<group>"; };
		BE4BEB6F20C83A7400CD1032 /* Info.plist */ = {isa = PBXFileReference; lastKnownFileType = text.plist.xml; path = Info.plist; sourceTree = "<group>"; };
		BE4BEB7B20C83D2000CD1032 /* HTTPRequest.swift */ = {isa = PBXFileReference; fileEncoding = 4; lastKnownFileType = sourcecode.swift; path = HTTPRequest.swift; sourceTree = "<group>"; };
		BE4BEB7D20C83D3700CD1032 /* JSONStructures.swift */ = {isa = PBXFileReference; fileEncoding = 4; lastKnownFileType = sourcecode.swift; path = JSONStructures.swift; sourceTree = "<group>"; };
		BE5C6D8E20E962A0003B15D6 /* NetworkController.swift */ = {isa = PBXFileReference; lastKnownFileType = sourcecode.swift; path = NetworkController.swift; sourceTree = "<group>"; };
		BE5C6D9820E9845B003B15D6 /* NetworkDataHandling.swift */ = {isa = PBXFileReference; lastKnownFileType = sourcecode.swift; path = NetworkDataHandling.swift; sourceTree = "<group>"; };
		BE5C6D9E20E98A1D003B15D6 /* Background.png */ = {isa = PBXFileReference; lastKnownFileType = image.png; path = Background.png; sourceTree = "<group>"; };
		BE7833EF20E6E10F0083196A /* PortfolioController.swift */ = {isa = PBXFileReference; lastKnownFileType = sourcecode.swift; path = PortfolioController.swift; sourceTree = "<group>"; };
		BE79958920E2F3C200A6A3BB /* MarketDataHandling.swift */ = {isa = PBXFileReference; lastKnownFileType = sourcecode.swift; path = MarketDataHandling.swift; sourceTree = "<group>"; };
		BE79958D20E4D25800A6A3BB /* Header.png */ = {isa = PBXFileReference; lastKnownFileType = image.png; path = Header.png; sourceTree = "<group>"; };
		BEAA086020E4D50B008AEDA9 /* Alamofire.xcodeproj */ = {isa = PBXFileReference; lastKnownFileType = "wrapper.pb-project"; name = Alamofire.xcodeproj; path = "../../../Framworks Swift/Alamofire/Alamofire.xcodeproj"; sourceTree = "<group>"; };
		BEAA087B20E4D524008AEDA9 /* Charts.xcodeproj */ = {isa = PBXFileReference; lastKnownFileType = "wrapper.pb-project"; name = Charts.xcodeproj; path = "../../../Framworks Swift/Charts-master-2/Charts.xcodeproj"; sourceTree = "<group>"; };
		BEAA08E620E58141008AEDA9 /* UtilityFunctions.swift */ = {isa = PBXFileReference; lastKnownFileType = sourcecode.swift; path = UtilityFunctions.swift; sourceTree = "<group>"; };
		BEAA08EE20E59885008AEDA9 /* NewsController.swift */ = {isa = PBXFileReference; lastKnownFileType = sourcecode.swift; path = NewsController.swift; sourceTree = "<group>"; };
/* End PBXFileReference section */

/* Begin PBXFrameworksBuildPhase section */
		BE4BEB4720C83A7400CD1032 /* Frameworks */ = {
			isa = PBXFrameworksBuildPhase;
			buildActionMask = 2147483647;
			files = (
				BEAA08A620E516DB008AEDA9 /* Charts.framework in Frameworks */,
				BEAA087A20E4D51C008AEDA9 /* Alamofire.framework in Frameworks */,
			);
			runOnlyForDeploymentPostprocessing = 0;
		};
		BE4BEB5B20C83A7400CD1032 /* Frameworks */ = {
			isa = PBXFrameworksBuildPhase;
			buildActionMask = 2147483647;
			files = (
			);
			runOnlyForDeploymentPostprocessing = 0;
		};
		BE4BEB6620C83A7400CD1032 /* Frameworks */ = {
			isa = PBXFrameworksBuildPhase;
			buildActionMask = 2147483647;
			files = (
			);
			runOnlyForDeploymentPostprocessing = 0;
		};
/* End PBXFrameworksBuildPhase section */

/* Begin PBXGroup section */
		BE4BEB4120C83A7300CD1032 = {
			isa = PBXGroup;
			children = (
				BEAA087B20E4D524008AEDA9 /* Charts.xcodeproj */,
				BEAA086020E4D50B008AEDA9 /* Alamofire.xcodeproj */,
				BE4BEB4C20C83A7400CD1032 /* Ryo Tracker */,
				BE4BEB6120C83A7400CD1032 /* Ryo TrackerTests */,
				BE4BEB6C20C83A7400CD1032 /* Ryo TrackerUITests */,
				BE4BEB4B20C83A7400CD1032 /* Products */,
				BEAA087920E4D51C008AEDA9 /* Frameworks */,
			);
			sourceTree = "<group>";
		};
		BE4BEB4B20C83A7400CD1032 /* Products */ = {
			isa = PBXGroup;
			children = (
				BE4BEB4A20C83A7400CD1032 /* Ryo Tracker.app */,
				BE4BEB5E20C83A7400CD1032 /* Ryo TrackerTests.xctest */,
				BE4BEB6920C83A7400CD1032 /* Ryo TrackerUITests.xctest */,
			);
			name = Products;
			sourceTree = "<group>";
		};
		BE4BEB4C20C83A7400CD1032 /* Ryo Tracker */ = {
			isa = PBXGroup;
			children = (
				BE4BEB5920C83A7400CD1032 /* Info.plist */,
				BE79958D20E4D25800A6A3BB /* Header.png */,
				BE4BEB4D20C83A7400CD1032 /* AppDelegate.swift */,
				BE4BBB5A20D9969C000AADA2 /* Exchange.swift */,
				BE4BEB7B20C83D2000CD1032 /* HTTPRequest.swift */,
				BE4BEB7D20C83D3700CD1032 /* JSONStructures.swift */,
				BE5C6D9E20E98A1D003B15D6 /* Background.png */,
				BE4BEB4F20C83A7400CD1032 /* MarketController.swift */,
				BE79958920E2F3C200A6A3BB /* MarketDataHandling.swift */,
				BE5C6D8E20E962A0003B15D6 /* NetworkController.swift */,
				BE5C6D9820E9845B003B15D6 /* NetworkDataHandling.swift */,
				BEAA08EE20E59885008AEDA9 /* NewsController.swift */,
				BE7833EF20E6E10F0083196A /* PortfolioController.swift */,
				BEAA08E620E58141008AEDA9 /* UtilityFunctions.swift */,
				BE4BEB5420C83A7400CD1032 /* Assets.xcassets */,
				BE4BEB5620C83A7400CD1032 /* LaunchScreen.storyboard */,
				BE4BEB5120C83A7400CD1032 /* Main.storyboard */,
			);
			path = "Ryo Tracker";
			sourceTree = "<group>";
		};
		BE4BEB6120C83A7400CD1032 /* Ryo TrackerTests */ = {
			isa = PBXGroup;
			children = (
				BE4BEB6220C83A7400CD1032 /* Ryo_TrackerTests.swift */,
				BE4BEB6420C83A7400CD1032 /* Info.plist */,
			);
			path = "Ryo TrackerTests";
			sourceTree = "<group>";
		};
		BE4BEB6C20C83A7400CD1032 /* Ryo TrackerUITests */ = {
			isa = PBXGroup;
			children = (
				BE4BEB6D20C83A7400CD1032 /* Ryo_TrackerUITests.swift */,
				BE4BEB6F20C83A7400CD1032 /* Info.plist */,
			);
			path = "Ryo TrackerUITests";
			sourceTree = "<group>";
		};
		BEAA086120E4D50B008AEDA9 /* Products */ = {
			isa = PBXGroup;
			children = (
				BEAA086C20E4D50C008AEDA9 /* Alamofire.framework */,
				BEAA086E20E4D50C008AEDA9 /* Alamofire iOS Tests.xctest */,
				BEAA087020E4D50C008AEDA9 /* Alamofire.framework */,
				BEAA087220E4D50C008AEDA9 /* Alamofire macOS Tests.xctest */,
				BEAA087420E4D50C008AEDA9 /* Alamofire.framework */,
				BEAA087620E4D50C008AEDA9 /* Alamofire tvOS Tests.xctest */,
				BEAA087820E4D50C008AEDA9 /* Alamofire.framework */,
			);
			name = Products;
			sourceTree = "<group>";
		};
		BEAA087920E4D51C008AEDA9 /* Frameworks */ = {
			isa = PBXGroup;
			children = (
			);
			name = Frameworks;
			sourceTree = "<group>";
		};
		BEAA087C20E4D524008AEDA9 /* Products */ = {
			isa = PBXGroup;
			children = (
				BEAA088120E4D525008AEDA9 /* Charts.framework */,
				BEAA088320E4D525008AEDA9 /* ChartsTests.xctest */,
			);
			name = Products;
			sourceTree = "<group>";
		};
/* End PBXGroup section */

/* Begin PBXNativeTarget section */
		BE4BEB4920C83A7400CD1032 /* Ryo Tracker */ = {
			isa = PBXNativeTarget;
			buildConfigurationList = BE4BEB7220C83A7400CD1032 /* Build configuration list for PBXNativeTarget "Ryo Tracker" */;
			buildPhases = (
				BE4BEB4620C83A7400CD1032 /* Sources */,
				BE4BEB4720C83A7400CD1032 /* Frameworks */,
				BE4BEB4820C83A7400CD1032 /* Resources */,
				BE4BBB5920D994A9000AADA2 /* Embed Frameworks */,
			);
			buildRules = (
			);
			dependencies = (
				BEAA08A920E516DB008AEDA9 /* PBXTargetDependency */,
				BEAA08AD20E516DB008AEDA9 /* PBXTargetDependency */,
			);
			name = "Ryo Tracker";
			productName = "Ryo Tracker";
			productReference = BE4BEB4A20C83A7400CD1032 /* Ryo Tracker.app */;
			productType = "com.apple.product-type.application";
		};
		BE4BEB5D20C83A7400CD1032 /* Ryo TrackerTests */ = {
			isa = PBXNativeTarget;
			buildConfigurationList = BE4BEB7520C83A7400CD1032 /* Build configuration list for PBXNativeTarget "Ryo TrackerTests" */;
			buildPhases = (
				BE4BEB5A20C83A7400CD1032 /* Sources */,
				BE4BEB5B20C83A7400CD1032 /* Frameworks */,
				BE4BEB5C20C83A7400CD1032 /* Resources */,
			);
			buildRules = (
			);
			dependencies = (
				BE4BEB6020C83A7400CD1032 /* PBXTargetDependency */,
			);
			name = "Ryo TrackerTests";
			productName = "Ryo TrackerTests";
			productReference = BE4BEB5E20C83A7400CD1032 /* Ryo TrackerTests.xctest */;
			productType = "com.apple.product-type.bundle.unit-test";
		};
		BE4BEB6820C83A7400CD1032 /* Ryo TrackerUITests */ = {
			isa = PBXNativeTarget;
			buildConfigurationList = BE4BEB7820C83A7400CD1032 /* Build configuration list for PBXNativeTarget "Ryo TrackerUITests" */;
			buildPhases = (
				BE4BEB6520C83A7400CD1032 /* Sources */,
				BE4BEB6620C83A7400CD1032 /* Frameworks */,
				BE4BEB6720C83A7400CD1032 /* Resources */,
			);
			buildRules = (
			);
			dependencies = (
				BE4BEB6B20C83A7400CD1032 /* PBXTargetDependency */,
			);
			name = "Ryo TrackerUITests";
			productName = "Ryo TrackerUITests";
			productReference = BE4BEB6920C83A7400CD1032 /* Ryo TrackerUITests.xctest */;
			productType = "com.apple.product-type.bundle.ui-testing";
		};
/* End PBXNativeTarget section */

/* Begin PBXProject section */
		BE4BEB4220C83A7300CD1032 /* Project object */ = {
			isa = PBXProject;
			attributes = {
				LastSwiftUpdateCheck = 0940;
				LastUpgradeCheck = 0940;
				ORGANIZATIONNAME = "Zypher DX";
				TargetAttributes = {
					BE4BEB4920C83A7400CD1032 = {
						CreatedOnToolsVersion = 9.4;
						LastSwiftMigration = 0940;
					};
					BE4BEB5D20C83A7400CD1032 = {
						CreatedOnToolsVersion = 9.4;
						TestTargetID = BE4BEB4920C83A7400CD1032;
					};
					BE4BEB6820C83A7400CD1032 = {
						CreatedOnToolsVersion = 9.4;
						TestTargetID = BE4BEB4920C83A7400CD1032;
					};
				};
			};
			buildConfigurationList = BE4BEB4520C83A7300CD1032 /* Build configuration list for PBXProject "Ryo Tracker" */;
			compatibilityVersion = "Xcode 9.3";
			developmentRegion = en;
			hasScannedForEncodings = 0;
			knownRegions = (
				en,
				Base,
			);
			mainGroup = BE4BEB4120C83A7300CD1032;
			productRefGroup = BE4BEB4B20C83A7400CD1032 /* Products */;
			projectDirPath = "";
			projectReferences = (
				{
					ProductGroup = BEAA086120E4D50B008AEDA9 /* Products */;
					ProjectRef = BEAA086020E4D50B008AEDA9 /* Alamofire.xcodeproj */;
				},
				{
					ProductGroup = BEAA087C20E4D524008AEDA9 /* Products */;
					ProjectRef = BEAA087B20E4D524008AEDA9 /* Charts.xcodeproj */;
				},
			);
			projectRoot = "";
			targets = (
				BE4BEB4920C83A7400CD1032 /* Ryo Tracker */,
				BE4BEB5D20C83A7400CD1032 /* Ryo TrackerTests */,
				BE4BEB6820C83A7400CD1032 /* Ryo TrackerUITests */,
			);
		};
/* End PBXProject section */

/* Begin PBXReferenceProxy section */
		BEAA086C20E4D50C008AEDA9 /* Alamofire.framework */ = {
			isa = PBXReferenceProxy;
			fileType = wrapper.framework;
			path = Alamofire.framework;
			remoteRef = BEAA086B20E4D50C008AEDA9 /* PBXContainerItemProxy */;
			sourceTree = BUILT_PRODUCTS_DIR;
		};
		BEAA086E20E4D50C008AEDA9 /* Alamofire iOS Tests.xctest */ = {
			isa = PBXReferenceProxy;
			fileType = wrapper.cfbundle;
			path = "Alamofire iOS Tests.xctest";
			remoteRef = BEAA086D20E4D50C008AEDA9 /* PBXContainerItemProxy */;
			sourceTree = BUILT_PRODUCTS_DIR;
		};
		BEAA087020E4D50C008AEDA9 /* Alamofire.framework */ = {
			isa = PBXReferenceProxy;
			fileType = wrapper.framework;
			path = Alamofire.framework;
			remoteRef = BEAA086F20E4D50C008AEDA9 /* PBXContainerItemProxy */;
			sourceTree = BUILT_PRODUCTS_DIR;
		};
		BEAA087220E4D50C008AEDA9 /* Alamofire macOS Tests.xctest */ = {
			isa = PBXReferenceProxy;
			fileType = wrapper.cfbundle;
			path = "Alamofire macOS Tests.xctest";
			remoteRef = BEAA087120E4D50C008AEDA9 /* PBXContainerItemProxy */;
			sourceTree = BUILT_PRODUCTS_DIR;
		};
		BEAA087420E4D50C008AEDA9 /* Alamofire.framework */ = {
			isa = PBXReferenceProxy;
			fileType = wrapper.framework;
			path = Alamofire.framework;
			remoteRef = BEAA087320E4D50C008AEDA9 /* PBXContainerItemProxy */;
			sourceTree = BUILT_PRODUCTS_DIR;
		};
		BEAA087620E4D50C008AEDA9 /* Alamofire tvOS Tests.xctest */ = {
			isa = PBXReferenceProxy;
			fileType = wrapper.cfbundle;
			path = "Alamofire tvOS Tests.xctest";
			remoteRef = BEAA087520E4D50C008AEDA9 /* PBXContainerItemProxy */;
			sourceTree = BUILT_PRODUCTS_DIR;
		};
		BEAA087820E4D50C008AEDA9 /* Alamofire.framework */ = {
			isa = PBXReferenceProxy;
			fileType = wrapper.framework;
			path = Alamofire.framework;
			remoteRef = BEAA087720E4D50C008AEDA9 /* PBXContainerItemProxy */;
			sourceTree = BUILT_PRODUCTS_DIR;
		};
		BEAA088120E4D525008AEDA9 /* Charts.framework */ = {
			isa = PBXReferenceProxy;
			fileType = wrapper.framework;
			path = Charts.framework;
			remoteRef = BEAA088020E4D525008AEDA9 /* PBXContainerItemProxy */;
			sourceTree = BUILT_PRODUCTS_DIR;
		};
		BEAA088320E4D525008AEDA9 /* ChartsTests.xctest */ = {
			isa = PBXReferenceProxy;
			fileType = wrapper.cfbundle;
			path = ChartsTests.xctest;
			remoteRef = BEAA088220E4D525008AEDA9 /* PBXContainerItemProxy */;
			sourceTree = BUILT_PRODUCTS_DIR;
		};
/* End PBXReferenceProxy section */

/* Begin PBXResourcesBuildPhase section */
		BE4BEB4820C83A7400CD1032 /* Resources */ = {
			isa = PBXResourcesBuildPhase;
			buildActionMask = 2147483647;
			files = (
				BE4BEB5820C83A7400CD1032 /* LaunchScreen.storyboard in Resources */,
				BE4BEB5520C83A7400CD1032 /* Assets.xcassets in Resources */,
				BE5C6D9F20E98A1D003B15D6 /* Background.png in Resources */,
				BE79958E20E4D25900A6A3BB /* Header.png in Resources */,
				BE4BEB5320C83A7400CD1032 /* Main.storyboard in Resources */,
			);
			runOnlyForDeploymentPostprocessing = 0;
		};
		BE4BEB5C20C83A7400CD1032 /* Resources */ = {
			isa = PBXResourcesBuildPhase;
			buildActionMask = 2147483647;
			files = (
			);
			runOnlyForDeploymentPostprocessing = 0;
		};
		BE4BEB6720C83A7400CD1032 /* Resources */ = {
			isa = PBXResourcesBuildPhase;
			buildActionMask = 2147483647;
			files = (
			);
			runOnlyForDeploymentPostprocessing = 0;
		};
/* End PBXResourcesBuildPhase section */

/* Begin PBXSourcesBuildPhase section */
		BE4BEB4620C83A7400CD1032 /* Sources */ = {
			isa = PBXSourcesBuildPhase;
			buildActionMask = 2147483647;
			files = (
				BE5C6D8F20E962A0003B15D6 /* NetworkController.swift in Sources */,
				BEAA08EF20E59885008AEDA9 /* NewsController.swift in Sources */,
				BE4BEB7C20C83D2000CD1032 /* HTTPRequest.swift in Sources */,
				BE5C6D9920E9845B003B15D6 /* NetworkDataHandling.swift in Sources */,
				BE4BBB5B20D9969C000AADA2 /* Exchange.swift in Sources */,
				BE79958A20E2F3C200A6A3BB /* MarketDataHandling.swift in Sources */,
				BE4BEB7E20C83D3700CD1032 /* JSONStructures.swift in Sources */,
				BE4BEB5020C83A7400CD1032 /* MarketController.swift in Sources */,
				BEAA08E720E58141008AEDA9 /* UtilityFunctions.swift in Sources */,
				BE4BEB4E20C83A7400CD1032 /* AppDelegate.swift in Sources */,
				BE7833F020E6E10F0083196A /* PortfolioController.swift in Sources */,
			);
			runOnlyForDeploymentPostprocessing = 0;
		};
		BE4BEB5A20C83A7400CD1032 /* Sources */ = {
			isa = PBXSourcesBuildPhase;
			buildActionMask = 2147483647;
			files = (
				BE4BEB6320C83A7400CD1032 /* Ryo_TrackerTests.swift in Sources */,
			);
			runOnlyForDeploymentPostprocessing = 0;
		};
		BE4BEB6520C83A7400CD1032 /* Sources */ = {
			isa = PBXSourcesBuildPhase;
			buildActionMask = 2147483647;
			files = (
				BE4BEB6E20C83A7400CD1032 /* Ryo_TrackerUITests.swift in Sources */,
			);
			runOnlyForDeploymentPostprocessing = 0;
		};
/* End PBXSourcesBuildPhase section */

/* Begin PBXTargetDependency section */
		BE4BEB6020C83A7400CD1032 /* PBXTargetDependency */ = {
			isa = PBXTargetDependency;
			target = BE4BEB4920C83A7400CD1032 /* Ryo Tracker */;
			targetProxy = BE4BEB5F20C83A7400CD1032 /* PBXContainerItemProxy */;
		};
		BE4BEB6B20C83A7400CD1032 /* PBXTargetDependency */ = {
			isa = PBXTargetDependency;
			target = BE4BEB4920C83A7400CD1032 /* Ryo Tracker */;
			targetProxy = BE4BEB6A20C83A7400CD1032 /* PBXContainerItemProxy */;
		};
		BEAA08A920E516DB008AEDA9 /* PBXTargetDependency */ = {
			isa = PBXTargetDependency;
			name = Charts;
			targetProxy = BEAA08A820E516DB008AEDA9 /* PBXContainerItemProxy */;
		};
		BEAA08AD20E516DB008AEDA9 /* PBXTargetDependency */ = {
			isa = PBXTargetDependency;
			name = "Alamofire iOS";
			targetProxy = BEAA08AC20E516DB008AEDA9 /* PBXContainerItemProxy */;
		};
/* End PBXTargetDependency section */